<?xml version="1.0" encoding="utf-8"?>
<Project ToolsVersion="4.0" xmlns="http://schemas.microsoft.com/developer/msbuild/2003">
  <ItemGroup>
    <Filter Include="Header Files">
      <UniqueIdentifier>{93995380-89BD-4b04-88EB-625FBE52EBFB}</UniqueIdentifier>
      <Extensions>h;hh;hpp;hxx;h++;hm;inl;inc;ipp;xsd</Extensions>
    </Filter>
    <Filter Include="Resource Files">
      <UniqueIdentifier>{67DA6AB6-F800-4c08-8B7A-83BB121AAD01}</UniqueIdentifier>
      <Extensions>rc;ico;cur;bmp;dlg;rc2;rct;bin;rgs;gif;jpg;jpeg;jpe;resx;tiff;tif;png;wav;mfcribbon-ms</Extensions>
    </Filter>
    <Filter Include="include">
      <UniqueIdentifier>{04f43091-3ccc-43ca-8f65-2d07c20919c8}</UniqueIdentifier>
    </Filter>
    <Filter Include="data">
      <UniqueIdentifier>{617b0010-111d-46bb-89de-41e06180ac4f}</UniqueIdentifier>
    </Filter>
    <Filter Include="src">
      <UniqueIdentifier>{ffa4b79e-3bd2-4a37-a4bf-e36d28d6846d}</UniqueIdentifier>
    </Filter>
  </ItemGroup>
  <ItemGroup>
    <None Include="README.md" />
    <None Include=".gitignore" />
    <None Include="data\apple_5yr_one.csv">
      <Filter>data</Filter>
    </None>
  </ItemGroup>
  <ItemGroup>
    <ClCompile Include="src\QuantBacktester.cpp">
      <Filter>src</Filter>
    </ClCompile>
    <ClCompile Include="src\Backtester.cpp">
      <Filter>src</Filter>
    </ClCompile>
    <ClCompile Include="src\DataLoader.cpp">
      <Filter>src</Filter>
    </ClCompile>
    <ClCompile Include="src\Strategy.cpp">
      <Filter>src</Filter>
    </ClCompile>
    <ClCompile Include="src\Utils.cpp">
      <Filter>src</Filter>
    </ClCompile>
  </ItemGroup>
  <ItemGroup>
    <ClInclude Include="src\Backtester.hpp">
      <Filter>src</Filter>
    </ClInclude>
    <ClInclude Include="src\DataLoader.hpp">
      <Filter>src</Filter>
    </ClInclude>
    <ClInclude Include="src\Strategy.hpp">
      <Filter>src</Filter>
    </ClInclude>
    <ClInclude Include="src\Utils.hpp">
      <Filter>src</Filter>
    </ClInclude>
  </ItemGroup>
</Project>